{
  "version": "1.0.0",
  "lockfileVersion": 1,
  "requires": true,
  "dependencies": {
    "commander": {
      "version": "2.15.0",
      "resolved": "http://registry.npm.taobao.org/commander/download/commander-2.15.0.tgz",
      "integrity": "sha1-rSojocOwNuOSRpuAEs7GsztMEyI=",
      "dev": true
    },
    "mockjs": {
      "version": "1.0.1-beta3",
      "resolved": "http://registry.npm.taobao.org/mockjs/download/mockjs-1.0.1-beta3.tgz",
      "integrity": "sha1-0jTzwnJWOXVk8slVFC6JGQlTcgk=",
      "dev": true,
      "requires": {
        "commander": "2.15.0"
      }
    }
  }
}
